
Microsoft Visual Studio Solution File, Format Version 12.00
# Visual Studio Version 16
VisualStudioVersion = 16.0.31112.23
MinimumVisualStudioVersion = 10.0.40219.1
Project("{9A19103F-16F7-4668-BE54-9A1E7A4F7556}") = "Payment.Solution.WebApplication", "Payment.Solution.WebApplication\Payment.Solution.WebApplication.csproj", "{6D6517D2-BF65-4A42-BFE6-E1D0E346BBBD}"
EndProject
Project("{9A19103F-16F7-4668-BE54-9A1E7A4F7556}") = "Payment.Solution.ViewModels", "Payment.Solution.ViewModels\Payment.Solution.ViewModels.csproj", "{4DC63BE3-F83C-4F7A-8CFC-4923D02562E2}"
EndProject
Project("{9A19103F-16F7-4668-BE54-9A1E7A4F7556}") = "Payment.Solution.DbModels", "Payment.Solution.DbModels\Payment.Solution.DbModels.csproj", "{BBF8F9B0-81B6-4B0E-AEF9-3C9C0A168585}"
EndProject
Project("{9A19103F-16F7-4668-BE54-9A1E7A4F7556}") = "Payment.Solution.DataAccessLayer", "Payment.Solution.DataAccessLayer\Payment.Solution.DataAccessLayer.csproj", "{A86FBD29-8E21-47E7-9411-72DF7E436117}"
EndProject
Project("{9A19103F-16F7-4668-BE54-9A1E7A4F7556}") = "Payment.Solution.BusinessLayer", "Payment.Solution.BusinessLayer\Payment.Solution.BusinessLayer.csproj", "{F25835A1-8A31-4C49-A3D6-8192C7834306}"
EndProject
Project("{9A19103F-16F7-4668-BE54-9A1E7A4F7556}") = "Payment.Solution.RuntimeModels", "Payment.Solution.RuntimeModels\Payment.Solution.RuntimeModels.csproj", "{17D2002E-A4FE-4A6B-B0C1-8E641E493EED}"
EndProject
Global
	GlobalSection(SolutionConfigurationPlatforms) = preSolution
		Debug|Any CPU = Debug|Any CPU
		Release|Any CPU = Release|Any CPU
	EndGlobalSection
	GlobalSection(ProjectConfigurationPlatforms) = postSolution
		{6D6517D2-BF65-4A42-BFE6-E1D0E346BBBD}.Debug|Any CPU.ActiveCfg = Debug|Any CPU
		{6D6517D2-BF65-4A42-BFE6-E1D0E346BBBD}.Debug|Any CPU.Build.0 = Debug|Any CPU
		{6D6517D2-BF65-4A42-BFE6-E1D0E346BBBD}.Release|Any CPU.ActiveCfg = Release|Any CPU
		{6D6517D2-BF65-4A42-BFE6-E1D0E346BBBD}.Release|Any CPU.Build.0 = Release|Any CPU
		{4DC63BE3-F83C-4F7A-8CFC-4923D02562E2}.Debug|Any CPU.ActiveCfg = Debug|Any CPU
		{4DC63BE3-F83C-4F7A-8CFC-4923D02562E2}.Debug|Any CPU.Build.0 = Debug|Any CPU
		{4DC63BE3-F83C-4F7A-8CFC-4923D02562E2}.Release|Any CPU.ActiveCfg = Release|Any CPU
		{4DC63BE3-F83C-4F7A-8CFC-4923D02562E2}.Release|Any CPU.Build.0 = Release|Any CPU
		{BBF8F9B0-81B6-4B0E-AEF9-3C9C0A168585}.Debug|Any CPU.ActiveCfg = Debug|Any CPU
		{BBF8F9B0-81B6-4B0E-AEF9-3C9C0A168585}.Debug|Any CPU.Build.0 = Debug|Any CPU
		{BBF8F9B0-81B6-4B0E-AEF9-3C9C0A168585}.Release|Any CPU.ActiveCfg = Release|Any CPU
		{BBF8F9B0-81B6-4B0E-AEF9-3C9C0A168585}.Release|Any CPU.Build.0 = Release|Any CPU
		{A86FBD29-8E21-47E7-9411-72DF7E436117}.Debug|Any CPU.ActiveCfg = Debug|Any CPU
		{A86FBD29-8E21-47E7-9411-72DF7E436117}.Debug|Any CPU.Build.0 = Debug|Any CPU
		{A86FBD29-8E21-47E7-9411-72DF7E436117}.Release|Any CPU.ActiveCfg = Release|Any CPU
		{A86FBD29-8E21-47E7-9411-72DF7E436117}.Release|Any CPU.Build.0 = Release|Any CPU
		{F25835A1-8A31-4C49-A3D6-8192C7834306}.Debug|Any CPU.ActiveCfg = Debug|Any CPU
		{F25835A1-8A31-4C49-A3D6-8192C7834306}.Debug|Any CPU.Build.0 = Debug|Any CPU
		{F25835A1-8A31-4C49-A3D6-8192C7834306}.Release|Any CPU.ActiveCfg = Release|Any CPU
		{F25835A1-8A31-4C49-A3D6-8192C7834306}.Release|Any CPU.Build.0 = Release|Any CPU
		{17D2002E-A4FE-4A6B-B0C1-8E641E493EED}.Debug|Any CPU.ActiveCfg = Debug|Any CPU
		{17D2002E-A4FE-4A6B-B0C1-8E641E493EED}.Debug|Any CPU.Build.0 = Debug|Any CPU
		{17D2002E-A4FE-4A6B-B0C1-8E641E493EED}.Release|Any CPU.ActiveCfg = Release|Any CPU
		{17D2002E-A4FE-4A6B-B0C1-8E641E493EED}.Release|Any CPU.Build.0 = Release|Any CPU
	EndGlobalSection
	GlobalSection(SolutionProperties) = preSolution
		HideSolutionNode = FALSE
	EndGlobalSection
	GlobalSection(ExtensibilityGlobals) = postSolution
		SolutionGuid = {BE0055FF-EF0C-4998-9EAD-406DBA971A4C}
	EndGlobalSection
EndGlobal
